PODS:
  - Flutter (1.0.0)
  - speech_recognition (0.3.0):
    - Flutter

DEPENDENCIES:
  - Flutter (from `/Users/unryongpark/DevTools/flutter/bin/cache/artifacts/engine/ios`)
  - speech_recognition (from `/Users/unryongpark/Development/speech_recognition/ios`)

EXTERNAL SOURCES:
  Flutter:
    :path: "/Users/unryongpark/DevTools/flutter/bin/cache/artifacts/engine/ios"
  speech_recognition:
    :path: "/Users/unryongpark/Development/speech_recognition/ios"

SPEC CHECKSUMS:
  Flutter: 58dd7d1b27887414a370fcccb9e645c08ffd7a6a
  speech_recognition: b5319aace06c3633c0547de44899f6e0bf8b2168

PODFILE CHECKSUM: cc70c01bca487bebd110b87397f017f3b76a89f1

COCOAPODS: 1.6.1
